
Microsoft Visual Studio Solution File, Format Version 12.00
# Visual Studio Version 16
VisualStudioVersion = 16.0.31829.152
MinimumVisualStudioVersion = 10.0.40219.1
Project("{FAE04EC0-301F-11D3-BF4B-00C04F79EFBC}") = "SPP_5", "SPP_5.csproj", "{4EFF5FD8-BF00-42A5-A558-54D0F2DBFC14}"
EndProject
Global
	GlobalSection(SolutionConfigurationPlatforms) = preSolution
		Debug|Any CPU = Debug|Any CPU
		Release|Any CPU = Release|Any CPU
	EndGlobalSection
	GlobalSection(ProjectConfigurationPlatforms) = postSolution
		{4EFF5FD8-BF00-42A5-A558-54D0F2DBFC14}.Debug|Any CPU.ActiveCfg = Debug|Any CPU
		{4EFF5FD8-BF00-42A5-A558-54D0F2DBFC14}.Debug|Any CPU.Build.0 = Debug|Any CPU
		{4EFF5FD8-BF00-42A5-A558-54D0F2DBFC14}.Release|Any CPU.ActiveCfg = Release|Any CPU
		{4EFF5FD8-BF00-42A5-A558-54D0F2DBFC14}.Release|Any CPU.Build.0 = Release|Any CPU
	EndGlobalSection
	GlobalSection(SolutionProperties) = preSolution
		HideSolutionNode = FALSE
	EndGlobalSection
	GlobalSection(ExtensibilityGlobals) = postSolution
		SolutionGuid = {D0D03BAF-F6AB-4C82-9ED7-7C4B4C18FEEC}
	EndGlobalSection
EndGlobal
